
Microsoft Visual Studio Solution File, Format Version 12.00
# Visual Studio Version 16
VisualStudioVersion = 16.0.31702.278
MinimumVisualStudioVersion = 10.0.40219.1
Project("{FAE04EC0-301F-11D3-BF4B-00C04F79EFBC}") = "ModernDesign", "ModernDesign\ModernDesign.csproj", "{36491885-9FB5-4E55-91CA-407DE5DC10E1}"
EndProject
Global
	GlobalSection(SolutionConfigurationPlatforms) = preSolution
		Debug|Any CPU = Debug|Any CPU
		Release|Any CPU = Release|Any CPU
	EndGlobalSection
	GlobalSection(ProjectConfigurationPlatforms) = postSolution
		{36491885-9FB5-4E55-91CA-407DE5DC10E1}.Debug|Any CPU.ActiveCfg = Debug|Any CPU
		{36491885-9FB5-4E55-91CA-407DE5DC10E1}.Debug|Any CPU.Build.0 = Debug|Any CPU
		{36491885-9FB5-4E55-91CA-407DE5DC10E1}.Release|Any CPU.ActiveCfg = Release|Any CPU
		{36491885-9FB5-4E55-91CA-407DE5DC10E1}.Release|Any CPU.Build.0 = Release|Any CPU
	EndGlobalSection
	GlobalSection(SolutionProperties) = preSolution
		HideSolutionNode = FALSE
	EndGlobalSection
	GlobalSection(ExtensibilityGlobals) = postSolution
		SolutionGuid = {D52A1E51-327A-47B8-AD80-B47080B8B2C3}
	EndGlobalSection
EndGlobal
